{
  "name": "@anio-software/pkg.js-utils",
  "version": "0.0.1",
  "lockfileVersion": 3,
  "requires": true,
  "packages": {
    "": {
      "name": "@anio-software/pkg.js-utils",
      "version": "0.0.1",
      "license": "MIT",
      "devDependencies": {
        "@anio-software/enkore": "^0.0.173-canary-ed648e05-2067479c",
        "@anio-software/enkore.core": "^0.11.22-canary-5564f69f-71984fdf"
      }
    },
    "node_modules/@anio-software/enkore": {
      "version": "0.0.173-canary-ed648e05-2067479c",
      "resolved": "https://npm-registry.anio.software/@anio-software/enkore/-/enkore-0.0.173-canary-ed648e05-2067479c.tgz",
      "integrity": "sha512-wkaN+SIUzP7+hxoSvwPqvqL3gCquQ+II8i8LFH7K94lEqpU9pqX50eX0/vsjrEc4Ven0owGAijT/+loHmNKmFw==",
      "dev": true,
      "license": "MIT",
      "bin": {
        "enkore": "bin/enkore.mjs"
      },
      "engines": {
        "node": ">=23.6.x"
      }
    },
    "node_modules/@anio-software/enkore.core": {
      "version": "0.11.22-canary-5564f69f-71984fdf",
      "resolved": "https://npm-registry.anio.software/@anio-software/enkore.core/-/enkore.core-0.11.22-canary-5564f69f-71984fdf.tgz",
      "integrity": "sha512-nS1tc9haDwslJgG68ZWZjsOGFxBw4yIx87sSps3lm/+xEJ+XUk5uSJiIAqI/lvTXlg05/CBH7Y1JCJe/16NSMg==",
      "dev": true,
      "license": "MIT",
      "engines": {
        "node": ">=23.6.x"
      }
    }
  }
}
