{
  "name": "@anio-software/pkg.js-utils",
  "version": "0.0.1",
  "lockfileVersion": 3,
  "requires": true,
  "packages": {
    "": {
      "name": "@anio-software/pkg.js-utils",
      "version": "0.0.1",
      "license": "MIT",
      "devDependencies": {
        "@anio-software/enkore": "^0.0.104",
        "@anio-software/enkore.core": "^0.11.2"
      }
    },
    "node_modules/@anio-software/enkore": {
      "version": "0.0.104",
      "resolved": "https://npm-registry.anio.software/@anio-software/enkore/-/enkore-0.0.104.tgz",
      "integrity": "sha512-Vy1VcLtJPT2M/h+fngfgUyYt5n/VtOXhFDRGoEeLhwP+wIzKF7bDGcwn79s0A4gp0ANx8BOra9KYc6IQ33OLEA==",
      "dev": true,
      "license": "MIT",
      "bin": {
        "enkore": "cli.mjs"
      }
    },
    "node_modules/@anio-software/enkore.core": {
      "version": "0.11.2",
      "resolved": "https://npm-registry.anio.software/@anio-software/enkore.core/-/enkore.core-0.11.2.tgz",
      "integrity": "sha512-7Y9zKQWUHS6u8ntmQx+E740rjXNUJ/uIPFLe+ycBnQb7oRWwJv/TM22tLntSdzEat9qqONJ58p1J85dgC80z0A==",
      "dev": true,
      "license": "MIT"
    }
  }
}
