{
  "name": "@anio-software/pkg.js-utils",
  "version": "0.0.0",
  "lockfileVersion": 3,
  "requires": true,
  "packages": {
    "": {
      "name": "@anio-software/pkg.js-utils",
      "version": "0.0.0",
      "license": "MIT",
      "devDependencies": {
        "@anio-software/enkore": "^0.0.104",
        "@anio-software/enkore.core": "^0.11.2",
        "@anio-software/enkore.target-js-none": "^0.0.259-canary-941f2f6c-1aa82524"
      }
    },
    "node_modules/@anio-software/enkore": {
      "version": "0.0.104",
      "resolved": "https://npm-registry.anio.software/@anio-software/enkore/-/enkore-0.0.104.tgz",
      "integrity": "sha512-Vy1VcLtJPT2M/h+fngfgUyYt5n/VtOXhFDRGoEeLhwP+wIzKF7bDGcwn79s0A4gp0ANx8BOra9KYc6IQ33OLEA==",
      "dev": true,
      "license": "MIT",
      "bin": {
        "enkore": "cli.mjs"
      }
    },
    "node_modules/@anio-software/enkore.core": {
      "version": "0.11.2",
      "resolved": "https://npm-registry.anio.software/@anio-software/enkore.core/-/enkore.core-0.11.2.tgz",
      "integrity": "sha512-7Y9zKQWUHS6u8ntmQx+E740rjXNUJ/uIPFLe+ycBnQb7oRWwJv/TM22tLntSdzEat9qqONJ58p1J85dgC80z0A==",
      "dev": true,
      "license": "MIT"
    },
    "node_modules/@anio-software/enkore.js-runtime": {
      "version": "0.0.9",
      "resolved": "https://npm-registry.anio.software/@anio-software/enkore.js-runtime/-/enkore.js-runtime-0.0.9.tgz",
      "integrity": "sha512-cMhQUgdBI2tXXN803kb1JZbQI4oPO9ZoCxvag7kOZby79AdGrDX/NG3D/B59eYUVla12rL1rwF96z0Eqc2VE2A==",
      "dev": true,
      "license": "MIT",
      "peer": true,
      "engines": {
        "node": ">=23.6.x"
      }
    },
    "node_modules/@anio-software/enkore.target-js-none": {
      "version": "0.0.259-canary-941f2f6c-1aa82524",
      "resolved": "https://npm-registry.anio.software/@anio-software/enkore.target-js-none/-/enkore.target-js-none-0.0.259-canary-941f2f6c-1aa82524.tgz",
      "integrity": "sha512-wfy7azDrMd/ZspansgI+PTx761VYhR3fa+0z3JVXmpJQ7ONNIdjD9TDkkXvluEXuJnsdCmrOVtmte894G68xYg==",
      "dev": true,
      "license": "MIT",
      "peerDependencies": {
        "@anio-software/enkore.js-runtime": ">=0.0.8",
        "@types/node": ">=22.7.x"
      }
    },
    "node_modules/@types/node": {
      "version": "24.0.7",
      "resolved": "https://registry.npmjs.org/@types/node/-/node-24.0.7.tgz",
      "integrity": "sha512-YIEUUr4yf8q8oQoXPpSlnvKNVKDQlPMWrmOcgzoduo7kvA2UF0/BwJ/eMKFTiTtkNL17I0M6Xe2tvwFU7be6iw==",
      "dev": true,
      "license": "MIT",
      "peer": true,
      "dependencies": {
        "undici-types": "~7.8.0"
      }
    },
    "node_modules/undici-types": {
      "version": "7.8.0",
      "resolved": "https://registry.npmjs.org/undici-types/-/undici-types-7.8.0.tgz",
      "integrity": "sha512-9UJ2xGDvQ43tYyVMpuHlsgApydB8ZKfVYTsLDhXkFL/6gfkp+U8xTGdh8pMJv1SpZna0zxG1DwsKZsreLbXBxw==",
      "dev": true,
      "license": "MIT",
      "peer": true
    }
  }
}
